{
  "name": "hve-core-workflow-validator",
  "version": "0.0.0",
  "lockfileVersion": 3,
  "requires": true,
  "packages": {
    "": {
      "name": "hve-core-workflow-validator",
      "version": "0.0.0",
      "license": "MIT",
      "dependencies": {
        "@actions/workflow-parser": "0.3.61",
        "yaml": "2.9.1"
      },
      "bin": {
        "validate-workflows": "validate-workflows.mjs"
      },
      "engines": {
        "node": ">=22.15.0"
      }
    },
    "node_modules/@actions/expressions": {
      "version": "0.3.61",
      "resolved": "https://registry.npmjs.org/@actions/expressions/-/expressions-0.3.61.tgz",
      "integrity": "sha512-Ig+tXELvTjlqxQAWBQnLNn2dPpNraLMdSnT+vDzDPmJtbNUhIAH/Z9kVT8pZ8UtJi9vUGs8hwHE8JFJmbOnLEA==",
      "license": "MIT",
      "engines": {
        "node": ">= 20"
      }
    },
    "node_modules/@actions/workflow-parser": {
      "version": "0.3.61",
      "resolved": "https://registry.npmjs.org/@actions/workflow-parser/-/workflow-parser-0.3.61.tgz",
      "integrity": "sha512-NBjJrbwwrEN3LSN0NAISLpCWQLcPSBjmAIkLXHgjGX8Yql4PiD33ifSAvr9sIMU9uIs8wZiGUnvo9yPIMIfKdg==",
      "license": "MIT",
      "dependencies": {
        "@actions/expressions": "^0.3.61",
        "cronstrue": "^2.21.0",
        "yaml": "^2.0.0-8"
      },
      "engines": {
        "node": ">= 20"
      }
    },
    "node_modules/cronstrue": {
      "version": "2.59.0",
      "resolved": "https://registry.npmjs.org/cronstrue/-/cronstrue-2.59.0.tgz",
      "integrity": "sha512-YKGmAy84hKH+hHIIER07VCAHf9u0Ldelx1uU6EBxsRPDXIA1m5fsKmJfyC3xBhw6cVC/1i83VdbL4PvepTrt8A==",
      "license": "MIT",
      "bin": {
        "cronstrue": "bin/cli.js"
      }
    },
    "node_modules/yaml": {
      "version": "2.9.1",
      "resolved": "https://registry.npmjs.org/yaml/-/yaml-2.9.1.tgz",
      "integrity": "sha512-3NxN8+78OdzbT7C/WjGsyfPAtJaN3FNDsWxv7Y7mcDsT/oOmgW8BpyQQFFBnvZE3j9Y2Sdz1ULFLezL7Eb2yFw==",
      "license": "ISC",
      "bin": {
        "yaml": "bin.mjs"
      },
      "engines": {
        "node": ">= 14.6"
      },
      "funding": {
        "url": "https://github.com/sponsors/eemeli"
      }
    }
  }
}
