{
  "name": "beval-deps",
  "version": "1.0.0",
  "lockfileVersion": 3,
  "requires": true,
  "packages": {
    "": {
      "name": "beval-deps",
      "version": "1.0.0",
      "dependencies": {
        "@github/copilot": "1.0.67",
        "hve-core": "file:../.."
      }
    },
    "../..": {
      "name": "hve-core",
      "version": "3.3.101",
      "license": "MIT",
      "devDependencies": {
        "@cspell/cspell-json-reporter": "10.0.1",
        "@microsoft/vally-cli": "0.6.0",
        "@vscode/vsce": "3.9.2",
        "alex": "11.0.1",
        "audit-ci": "7.1.0",
        "cspell": "10.0.1",
        "markdown-link-check": "3.14.2",
        "markdown-table-formatter": "1.7.0",
        "markdownlint-cli2": "0.22.1",
        "markdownlint-cli2-formatter-default": "0.0.6",
        "markdownlint-cli2-formatter-json": "0.0.9",
        "markdownlint-rule-search-replace": "1.2.0",
        "retext-english": "5.0.0",
        "retext-profanities": "8.0.0",
        "retext-stringify": "4.0.0",
        "unified": "11.0.5"
      }
    },
    "node_modules/@github/copilot": {
      "version": "1.0.67",
      "resolved": "https://registry.npmjs.org/@github/copilot/-/copilot-1.0.67.tgz",
      "integrity": "sha512-5YEY9LNXBT9Q8uShjCdYcornJJJhGtdIzSYla2+pjfXYpHsDVibqYubzYjfgffOUKFChyzOpH7n/868+t56iIg==",
      "license": "SEE LICENSE IN LICENSE.md",
      "dependencies": {
        "detect-libc": "^2.1.2"
      },
      "bin": {
        "copilot": "npm-loader.js"
      },
      "optionalDependencies": {
        "@github/copilot-darwin-arm64": "1.0.67",
        "@github/copilot-darwin-x64": "1.0.67",
        "@github/copilot-linux-arm64": "1.0.67",
        "@github/copilot-linux-x64": "1.0.67",
        "@github/copilot-linuxmusl-arm64": "1.0.67",
        "@github/copilot-linuxmusl-x64": "1.0.67",
        "@github/copilot-win32-arm64": "1.0.67",
        "@github/copilot-win32-x64": "1.0.67"
      }
    },
    "node_modules/@github/copilot-darwin-arm64": {
      "version": "1.0.67",
      "resolved": "https://registry.npmjs.org/@github/copilot-darwin-arm64/-/copilot-darwin-arm64-1.0.67.tgz",
      "integrity": "sha512-CO3mpgFXcN6e7ZsSmjMkt1AKxMfb1+mjdn3yrf2DRnnWIURSK9kGvw+E+E1+YE37D1MBiUn/VOBmhRad5+vl0A==",
      "cpu": [
        "arm64"
      ],
      "license": "SEE LICENSE IN LICENSE.md",
      "optional": true,
      "os": [
        "darwin"
      ],
      "bin": {
        "copilot-darwin-arm64": "copilot"
      }
    },
    "node_modules/@github/copilot-darwin-x64": {
      "version": "1.0.67",
      "resolved": "https://registry.npmjs.org/@github/copilot-darwin-x64/-/copilot-darwin-x64-1.0.67.tgz",
      "integrity": "sha512-M20Hpn3bOJRkVwAIVRK4ZlX66AqtmGfXZRxZBRFQC045QIwcfmVUP45sTSgXDb4uHWeK0cZgdTdniHwKGtMplw==",
      "cpu": [
        "x64"
      ],
      "license": "SEE LICENSE IN LICENSE.md",
      "optional": true,
      "os": [
        "darwin"
      ],
      "bin": {
        "copilot-darwin-x64": "copilot"
      }
    },
    "node_modules/@github/copilot-linux-arm64": {
      "version": "1.0.67",
      "resolved": "https://registry.npmjs.org/@github/copilot-linux-arm64/-/copilot-linux-arm64-1.0.67.tgz",
      "integrity": "sha512-b4ePtFBow+Ior+aVLKA1hHxhR5wF+ql5CD7TSg/NHGYgc1kwD+3a9uKSENy05J5Lit/G/DZ9C6JwowvvdMWSKg==",
      "cpu": [
        "arm64"
      ],
      "libc": [
        "glibc"
      ],
      "license": "SEE LICENSE IN LICENSE.md",
      "optional": true,
      "os": [
        "linux"
      ],
      "bin": {
        "copilot-linux-arm64": "copilot"
      }
    },
    "node_modules/@github/copilot-linux-x64": {
      "version": "1.0.67",
      "resolved": "https://registry.npmjs.org/@github/copilot-linux-x64/-/copilot-linux-x64-1.0.67.tgz",
      "integrity": "sha512-4ynZyfKnWAdvEPAFDDBIz1wpFttcOTJu4Y8Mlz5oXCBA0NM/rwr8K4l7Adp8UzwbfmdrMJ9y+zivqRBMDbPInA==",
      "cpu": [
        "x64"
      ],
      "libc": [
        "glibc"
      ],
      "license": "SEE LICENSE IN LICENSE.md",
      "optional": true,
      "os": [
        "linux"
      ],
      "bin": {
        "copilot-linux-x64": "copilot"
      }
    },
    "node_modules/@github/copilot-linuxmusl-arm64": {
      "version": "1.0.67",
      "resolved": "https://registry.npmjs.org/@github/copilot-linuxmusl-arm64/-/copilot-linuxmusl-arm64-1.0.67.tgz",
      "integrity": "sha512-IjezxBU8fYUr/b5hEiniXqzwoOrJ4egrQSBbG96M+roLTqd9txP0MgxZtcRtKV7phRIdIGE109wwrn4H6hSqmA==",
      "cpu": [
        "arm64"
      ],
      "libc": [
        "musl"
      ],
      "license": "SEE LICENSE IN LICENSE.md",
      "optional": true,
      "os": [
        "linux"
      ],
      "bin": {
        "copilot-linuxmusl-arm64": "copilot"
      }
    },
    "node_modules/@github/copilot-linuxmusl-x64": {
      "version": "1.0.67",
      "resolved": "https://registry.npmjs.org/@github/copilot-linuxmusl-x64/-/copilot-linuxmusl-x64-1.0.67.tgz",
      "integrity": "sha512-Zy/rbja1lnhzDoNfn051H0EybCseCvjvH7WmbcHCayjXUjzXeKF6OmAt4hvqFZH87ttT3KbKtQ8/6oDUhhM2YQ==",
      "cpu": [
        "x64"
      ],
      "libc": [
        "musl"
      ],
      "license": "SEE LICENSE IN LICENSE.md",
      "optional": true,
      "os": [
        "linux"
      ],
      "bin": {
        "copilot-linuxmusl-x64": "copilot"
      }
    },
    "node_modules/@github/copilot-win32-arm64": {
      "version": "1.0.67",
      "resolved": "https://registry.npmjs.org/@github/copilot-win32-arm64/-/copilot-win32-arm64-1.0.67.tgz",
      "integrity": "sha512-O3VFRS5v9NXRP8o+N1SvcFbBqECDzZP7XQBeBj2Vcrma80gdJc5GQub/w2mwmr1w5UbwgzJkRasm0Ec/jxbcoA==",
      "cpu": [
        "arm64"
      ],
      "license": "SEE LICENSE IN LICENSE.md",
      "optional": true,
      "os": [
        "win32"
      ],
      "bin": {
        "copilot-win32-arm64": "copilot.exe"
      }
    },
    "node_modules/@github/copilot-win32-x64": {
      "version": "1.0.67",
      "resolved": "https://registry.npmjs.org/@github/copilot-win32-x64/-/copilot-win32-x64-1.0.67.tgz",
      "integrity": "sha512-td5tQ/nve5dB7RPvNglBZwa/6DJqiOBgacXXa1GpYcohqpCzoI8gONNkeaeyr6oF4iu5wXJ9krUNr6QXL4yB5Q==",
      "cpu": [
        "x64"
      ],
      "license": "SEE LICENSE IN LICENSE.md",
      "optional": true,
      "os": [
        "win32"
      ],
      "bin": {
        "copilot-win32-x64": "copilot.exe"
      }
    },
    "node_modules/detect-libc": {
      "version": "2.1.2",
      "resolved": "https://registry.npmjs.org/detect-libc/-/detect-libc-2.1.2.tgz",
      "integrity": "sha512-Btj2BOOO83o3WyH59e8MgXsxEQVcarkUOpEYrubB0urwnN10yQ364rsiByU11nZlqWYZm05i/of7io4mzihBtQ==",
      "license": "Apache-2.0",
      "engines": {
        "node": ">=8"
      }
    },
    "node_modules/hve-core": {
      "resolved": "../..",
      "link": true
    }
  }
}
