{
  "name": "beval-deps",
  "version": "1.0.0",
  "lockfileVersion": 3,
  "requires": true,
  "packages": {
    "": {
      "name": "beval-deps",
      "version": "1.0.0",
      "dependencies": {
        "@github/copilot": "1.0.71",
        "hve-core": "file:../.."
      }
    },
    "../..": {
      "name": "hve-core",
      "version": "3.3.101",
      "license": "MIT",
      "devDependencies": {
        "@cspell/cspell-json-reporter": "10.0.1",
        "@microsoft/vally-cli": "0.9.0",
        "@vscode/vsce": "3.9.2",
        "alex": "11.0.1",
        "audit-ci": "7.1.0",
        "cspell": "10.0.1",
        "markdown-link-check": "3.14.2",
        "markdown-table-formatter": "1.7.0",
        "markdownlint-cli2": "0.22.1",
        "markdownlint-cli2-formatter-default": "0.0.6",
        "markdownlint-cli2-formatter-json": "0.0.9",
        "markdownlint-rule-search-replace": "1.2.0",
        "retext-english": "5.0.0",
        "retext-profanities": "8.0.0",
        "retext-stringify": "4.0.0",
        "unified": "11.0.5"
      }
    },
    "node_modules/@github/copilot": {
      "version": "1.0.71",
      "resolved": "https://ms-feed-25.pkgs.visualstudio.com/1es-public/_packaging/npm-public/npm/registry/@github/copilot/-/copilot-1.0.71.tgz",
      "integrity": "sha1-qfslXZyT7W6RLbxQauAFX+FGawU=",
      "license": "SEE LICENSE IN LICENSE.md",
      "dependencies": {
        "detect-libc": "^2.1.2"
      },
      "bin": {
        "copilot": "npm-loader.js"
      },
      "optionalDependencies": {
        "@github/copilot-darwin-arm64": "1.0.71",
        "@github/copilot-darwin-x64": "1.0.71",
        "@github/copilot-linux-arm64": "1.0.71",
        "@github/copilot-linux-x64": "1.0.71",
        "@github/copilot-linuxmusl-arm64": "1.0.71",
        "@github/copilot-linuxmusl-x64": "1.0.71",
        "@github/copilot-win32-arm64": "1.0.71",
        "@github/copilot-win32-x64": "1.0.71"
      }
    },
    "node_modules/@github/copilot-darwin-arm64": {
      "version": "1.0.71",
      "resolved": "https://ms-feed-12.pkgs.visualstudio.com/1es-public/_packaging/npm-public/npm/registry/@github/copilot-darwin-arm64/-/copilot-darwin-arm64-1.0.71.tgz",
      "integrity": "sha1-oJN6YmXMs8QSEDCpMZB+/bVoPh0=",
      "cpu": [
        "arm64"
      ],
      "license": "SEE LICENSE IN LICENSE.md",
      "optional": true,
      "os": [
        "darwin"
      ],
      "bin": {
        "copilot-darwin-arm64": "copilot"
      }
    },
    "node_modules/@github/copilot-darwin-x64": {
      "version": "1.0.71",
      "resolved": "https://ms-feed-25.pkgs.visualstudio.com/1es-public/_packaging/npm-public/npm/registry/@github/copilot-darwin-x64/-/copilot-darwin-x64-1.0.71.tgz",
      "integrity": "sha1-Z16zgpTufMUogjN4C4VHN8YcgfQ=",
      "cpu": [
        "x64"
      ],
      "license": "SEE LICENSE IN LICENSE.md",
      "optional": true,
      "os": [
        "darwin"
      ],
      "bin": {
        "copilot-darwin-x64": "copilot"
      }
    },
    "node_modules/@github/copilot-linux-arm64": {
      "version": "1.0.71",
      "resolved": "https://ms-feed-25.pkgs.visualstudio.com/1es-public/_packaging/npm-public/npm/registry/@github/copilot-linux-arm64/-/copilot-linux-arm64-1.0.71.tgz",
      "integrity": "sha1-h+m9TgXvPg9fOdIX0Lb6/Ynl9XM=",
      "cpu": [
        "arm64"
      ],
      "license": "SEE LICENSE IN LICENSE.md",
      "optional": true,
      "os": [
        "linux"
      ],
      "bin": {
        "copilot-linux-arm64": "copilot"
      }
    },
    "node_modules/@github/copilot-linux-x64": {
      "version": "1.0.71",
      "resolved": "https://ms-feed-2.pkgs.visualstudio.com/1es-public/_packaging/npm-public/npm/registry/@github/copilot-linux-x64/-/copilot-linux-x64-1.0.71.tgz",
      "integrity": "sha1-9BwtUbwXXy+RrUtZRlbU2IdC85g=",
      "cpu": [
        "x64"
      ],
      "license": "SEE LICENSE IN LICENSE.md",
      "optional": true,
      "os": [
        "linux"
      ],
      "bin": {
        "copilot-linux-x64": "copilot"
      }
    },
    "node_modules/@github/copilot-linuxmusl-arm64": {
      "version": "1.0.71",
      "resolved": "https://ms-feed-2.pkgs.visualstudio.com/1es-public/_packaging/npm-public/npm/registry/@github/copilot-linuxmusl-arm64/-/copilot-linuxmusl-arm64-1.0.71.tgz",
      "integrity": "sha1-lk7OeAX0J16RvB2Fo/FMLHFS15o=",
      "cpu": [
        "arm64"
      ],
      "license": "SEE LICENSE IN LICENSE.md",
      "optional": true,
      "os": [
        "linux"
      ],
      "bin": {
        "copilot-linuxmusl-arm64": "copilot"
      }
    },
    "node_modules/@github/copilot-linuxmusl-x64": {
      "version": "1.0.71",
      "resolved": "https://ms-feed-12.pkgs.visualstudio.com/1es-public/_packaging/npm-public/npm/registry/@github/copilot-linuxmusl-x64/-/copilot-linuxmusl-x64-1.0.71.tgz",
      "integrity": "sha1-ncPmnC+w4Ea3piz/f267CRcov/s=",
      "cpu": [
        "x64"
      ],
      "license": "SEE LICENSE IN LICENSE.md",
      "optional": true,
      "os": [
        "linux"
      ],
      "bin": {
        "copilot-linuxmusl-x64": "copilot"
      }
    },
    "node_modules/@github/copilot-win32-arm64": {
      "version": "1.0.71",
      "resolved": "https://ms-feed-12.pkgs.visualstudio.com/1es-public/_packaging/npm-public/npm/registry/@github/copilot-win32-arm64/-/copilot-win32-arm64-1.0.71.tgz",
      "integrity": "sha1-ZFwwVoPGoWfToNyhk4rRFN9O4mE=",
      "cpu": [
        "arm64"
      ],
      "license": "SEE LICENSE IN LICENSE.md",
      "optional": true,
      "os": [
        "win32"
      ],
      "bin": {
        "copilot-win32-arm64": "copilot.exe"
      }
    },
    "node_modules/@github/copilot-win32-x64": {
      "version": "1.0.71",
      "resolved": "https://ms-feed-12.pkgs.visualstudio.com/1es-public/_packaging/npm-public/npm/registry/@github/copilot-win32-x64/-/copilot-win32-x64-1.0.71.tgz",
      "integrity": "sha1-LzyWpWloTZhn0YrmZ4akGH7PYfA=",
      "cpu": [
        "x64"
      ],
      "license": "SEE LICENSE IN LICENSE.md",
      "optional": true,
      "os": [
        "win32"
      ],
      "bin": {
        "copilot-win32-x64": "copilot.exe"
      }
    },
    "node_modules/detect-libc": {
      "version": "2.1.2",
      "resolved": "https://registry.npmjs.org/detect-libc/-/detect-libc-2.1.2.tgz",
      "integrity": "sha512-Btj2BOOO83o3WyH59e8MgXsxEQVcarkUOpEYrubB0urwnN10yQ364rsiByU11nZlqWYZm05i/of7io4mzihBtQ==",
      "license": "Apache-2.0",
      "engines": {
        "node": ">=8"
      }
    },
    "node_modules/hve-core": {
      "resolved": "../..",
      "link": true
    }
  }
}
